// !$*UTF8*$!
{
	archiveVersion = 1;
	classes = {
	};
	objectVersion = 51;
	objects = {

/* Begin PBXBuildFile section */
		55B98E6EAA902DA391ED2E0A /* (null) in Frameworks */ = {isa = PBXBuildFile; };
		7F06009824D8805100DE1F38 /* error_fixer.swift in Sources */ = {isa = PBXBuildFile; fileRef = 7F06009724D8805100DE1F38 /* error_fixer.swift */; };
		7FAAFDDD24DA259200E3674B /* TestTabsViewController.m in Sources */ = {isa = PBXBuildFile; fileRef = 7FAAFDDC24DA259200E3674B /* TestTabsViewController.m */; };
		7FAAFDE024DB5C0F00E3674B /* ListsViewController.m in Sources */ = {isa = PBXBuildFile; fileRef = 7FAAFDDF24DB5C0F00E3674B /* ListsViewController.m */; };
		7FAAFDE324DB5D4900E3674B /* WatchedViewController.m in Sources */ = {isa = PBXBuildFile; fileRef = 7FAAFDE224DB5D4900E3674B /* WatchedViewController.m */; };
		7FAAFDE624DB5E3C00E3674B /* WatchNextViewController.m in Sources */ = {isa = PBXBuildFile; fileRef = 7FAAFDE524DB5E3C00E3674B /* WatchNextViewController.m */; };
		7FB2DA2D24BE066300C8ECF8 /* AppDelegate.m in Sources */ = {isa = PBXBuildFile; fileRef = 7FB2DA2C24BE066300C8ECF8 /* AppDelegate.m */; };
		7FB2DA3024BE066300C8ECF8 /* SceneDelegate.m in Sources */ = {isa = PBXBuildFile; fileRef = 7FB2DA2F24BE066300C8ECF8 /* SceneDelegate.m */; };
		7FB2DA3624BE066300C8ECF8 /* Main.storyboard in Resources */ = {isa = PBXBuildFile; fileRef = 7FB2DA3424BE066300C8ECF8 /* Main.storyboard */; };
		7FB2DA3824BE066500C8ECF8 /* Assets.xcassets in Resources */ = {isa = PBXBuildFile; fileRef = 7FB2DA3724BE066500C8ECF8 /* Assets.xcassets */; };
		7FB2DA3B24BE066500C8ECF8 /* LaunchScreen.storyboard in Resources */ = {isa = PBXBuildFile; fileRef = 7FB2DA3924BE066500C8ECF8 /* LaunchScreen.storyboard */; };
		7FB2DA3E24BE066500C8ECF8 /* main.m in Sources */ = {isa = PBXBuildFile; fileRef = 7FB2DA3D24BE066500C8ECF8 /* main.m */; };
		7FB2DA4824BE066500C8ECF8 /* Watch_NextTests.m in Sources */ = {isa = PBXBuildFile; fileRef = 7FB2DA4724BE066500C8ECF8 /* Watch_NextTests.m */; };
		7FB2DA5324BE066500C8ECF8 /* Watch_NextUITests.m in Sources */ = {isa = PBXBuildFile; fileRef = 7FB2DA5224BE066500C8ECF8 /* Watch_NextUITests.m */; };
		7FB2DA6324BE0BDC00C8ECF8 /* LogInViewController.m in Sources */ = {isa = PBXBuildFile; fileRef = 7FB2DA6224BE0BDC00C8ECF8 /* LogInViewController.m */; };
		7FB2DA6924BE0E8D00C8ECF8 /* SignUpViewController.m in Sources */ = {isa = PBXBuildFile; fileRef = 7FB2DA6824BE0E8D00C8ECF8 /* SignUpViewController.m */; };
		7FB2DA6C24BE103000C8ECF8 /* HomeViewController.m in Sources */ = {isa = PBXBuildFile; fileRef = 7FB2DA6B24BE103000C8ECF8 /* HomeViewController.m */; };
		7FB2DA6F24BE11A000C8ECF8 /* MediaCollectionViewCell.m in Sources */ = {isa = PBXBuildFile; fileRef = 7FB2DA6E24BE11A000C8ECF8 /* MediaCollectionViewCell.m */; };
		7FB2DA7324BE192800C8ECF8 /* SearchViewController.m in Sources */ = {isa = PBXBuildFile; fileRef = 7FB2DA7224BE192800C8ECF8 /* SearchViewController.m */; };
		7FB2DA7624BE1EF200C8ECF8 /* SearchResultsTableViewCell.m in Sources */ = {isa = PBXBuildFile; fileRef = 7FB2DA7524BE1EF200C8ECF8 /* SearchResultsTableViewCell.m */; };
		7FB2DA7924BE21D500C8ECF8 /* SettingsViewController.m in Sources */ = {isa = PBXBuildFile; fileRef = 7FB2DA7824BE21D500C8ECF8 /* SettingsViewController.m */; };
		7FB2DA8324BE28EC00C8ECF8 /* UserViewController.m in Sources */ = {isa = PBXBuildFile; fileRef = 7FB2DA8224BE28EC00C8ECF8 /* UserViewController.m */; };
		7FB2DA8724BF60D200C8ECF8 /* WatchNextUser.m in Sources */ = {isa = PBXBuildFile; fileRef = 7FB2DA8624BF60D200C8ECF8 /* WatchNextUser.m */; };
		7FB2DA8A24BF64C200C8ECF8 /* Interaction.m in Sources */ = {isa = PBXBuildFile; fileRef = 7FB2DA8924BF64C200C8ECF8 /* Interaction.m */; };
		7FB2DA8D24BF7A3900C8ECF8 /* MediaViewController.m in Sources */ = {isa = PBXBuildFile; fileRef = 7FB2DA8C24BF7A3900C8ECF8 /* MediaViewController.m */; };
		7FE7CCE324CA36A700300CEE /* SuggestionsViewController.m in Sources */ = {isa = PBXBuildFile; fileRef = 7FE7CCE224CA36A700300CEE /* SuggestionsViewController.m */; };
		D5F46262001E24B59959E14C /* libPods-Watch Next.a in Frameworks */ = {isa = PBXBuildFile; fileRef = 39734629D05C054D907BF477 /* libPods-Watch Next.a */; };
/* End PBXBuildFile section */

/* Begin PBXContainerItemProxy section */
		7FB2DA4424BE066500C8ECF8 /* PBXContainerItemProxy */ = {
			isa = PBXContainerItemProxy;
			containerPortal = 7FB2DA2024BE066300C8ECF8 /* Project object */;
			proxyType = 1;
			remoteGlobalIDString = 7FB2DA2724BE066300C8ECF8;
			remoteInfo = "Watch Next";
		};
		7FB2DA4F24BE066500C8ECF8 /* PBXContainerItemProxy */ = {
			isa = PBXContainerItemProxy;
			containerPortal = 7FB2DA2024BE066300C8ECF8 /* Project object */;
			proxyType = 1;
			remoteGlobalIDString = 7FB2DA2724BE066300C8ECF8;
			remoteInfo = "Watch Next";
		};
/* End PBXContainerItemProxy section */

/* Begin PBXFileReference section */
		2D512EFCEA7FF5021F76AD0C /* Pods-Watch Next.debug.xcconfig */ = {isa = PBXFileReference; includeInIndex = 1; lastKnownFileType = text.xcconfig; name = "Pods-Watch Next.debug.xcconfig"; path = "Target Support Files/Pods-Watch Next/Pods-Watch Next.debug.xcconfig"; sourceTree = "<group>"; };
		39734629D05C054D907BF477 /* libPods-Watch Next.a */ = {isa = PBXFileReference; explicitFileType = archive.ar; includeInIndex = 0; path = "libPods-Watch Next.a"; sourceTree = BUILT_PRODUCTS_DIR; };
		5CD11D3410ED5EFD680BB498 /* Pods-Watch Next.release.xcconfig */ = {isa = PBXFileReference; includeInIndex = 1; lastKnownFileType = text.xcconfig; name = "Pods-Watch Next.release.xcconfig"; path = "Target Support Files/Pods-Watch Next/Pods-Watch Next.release.xcconfig"; sourceTree = "<group>"; };
		7F06009624D8805000DE1F38 /* Watch Next-Bridging-Header.h */ = {isa = PBXFileReference; lastKnownFileType = sourcecode.c.h; path = "Watch Next-Bridging-Header.h"; sourceTree = "<group>"; };
		7F06009724D8805100DE1F38 /* error_fixer.swift */ = {isa = PBXFileReference; lastKnownFileType = sourcecode.swift; path = error_fixer.swift; sourceTree = "<group>"; };
		7FAAFDDB24DA259200E3674B /* TestTabsViewController.h */ = {isa = PBXFileReference; lastKnownFileType = sourcecode.c.h; path = TestTabsViewController.h; sourceTree = "<group>"; };
		7FAAFDDC24DA259200E3674B /* TestTabsViewController.m */ = {isa = PBXFileReference; lastKnownFileType = sourcecode.c.objc; path = TestTabsViewController.m; sourceTree = "<group>"; };
		7FAAFDDE24DB5C0F00E3674B /* ListsViewController.h */ = {isa = PBXFileReference; lastKnownFileType = sourcecode.c.h; path = ListsViewController.h; sourceTree = "<group>"; };
		7FAAFDDF24DB5C0F00E3674B /* ListsViewController.m */ = {isa = PBXFileReference; lastKnownFileType = sourcecode.c.objc; path = ListsViewController.m; sourceTree = "<group>"; };
		7FAAFDE124DB5D4900E3674B /* WatchedViewController.h */ = {isa = PBXFileReference; lastKnownFileType = sourcecode.c.h; name = WatchedViewController.h; path = "View Controllers/WatchedViewController.h"; sourceTree = SOURCE_ROOT; };
		7FAAFDE224DB5D4900E3674B /* WatchedViewController.m */ = {isa = PBXFileReference; lastKnownFileType = sourcecode.c.objc; name = WatchedViewController.m; path = "View Controllers/WatchedViewController.m"; sourceTree = SOURCE_ROOT; };
		7FAAFDE424DB5E3C00E3674B /* WatchNextViewController.h */ = {isa = PBXFileReference; lastKnownFileType = sourcecode.c.h; path = WatchNextViewController.h; sourceTree = "<group>"; };
		7FAAFDE524DB5E3C00E3674B /* WatchNextViewController.m */ = {isa = PBXFileReference; lastKnownFileType = sourcecode.c.objc; path = WatchNextViewController.m; sourceTree = "<group>"; };
		7FB2DA2824BE066300C8ECF8 /* Watch Next.app */ = {isa = PBXFileReference; explicitFileType = wrapper.application; includeInIndex = 0; path = "Watch Next.app"; sourceTree = BUILT_PRODUCTS_DIR; };
		7FB2DA2B24BE066300C8ECF8 /* AppDelegate.h */ = {isa = PBXFileReference; lastKnownFileType = sourcecode.c.h; path = AppDelegate.h; sourceTree = "<group>"; };
		7FB2DA2C24BE066300C8ECF8 /* AppDelegate.m */ = {isa = PBXFileReference; lastKnownFileType = sourcecode.c.objc; path = AppDelegate.m; sourceTree = "<group>"; };
		7FB2DA2E24BE066300C8ECF8 /* SceneDelegate.h */ = {isa = PBXFileReference; lastKnownFileType = sourcecode.c.h; path = SceneDelegate.h; sourceTree = "<group>"; };
		7FB2DA2F24BE066300C8ECF8 /* SceneDelegate.m */ = {isa = PBXFileReference; lastKnownFileType = sourcecode.c.objc; path = SceneDelegate.m; sourceTree = "<group>"; };
		7FB2DA3524BE066300C8ECF8 /* Base */ = {isa = PBXFileReference; lastKnownFileType = file.storyboard; name = Base; path = Base.lproj/Main.storyboard; sourceTree = "<group>"; };
		7FB2DA3724BE066500C8ECF8 /* Assets.xcassets */ = {isa = PBXFileReference; lastKnownFileType = folder.assetcatalog; path = Assets.xcassets; sourceTree = "<group>"; };
		7FB2DA3A24BE066500C8ECF8 /* Base */ = {isa = PBXFileReference; lastKnownFileType = file.storyboard; name = Base; path = Base.lproj/LaunchScreen.storyboard; sourceTree = "<group>"; };
		7FB2DA3C24BE066500C8ECF8 /* Info.plist */ = {isa = PBXFileReference; lastKnownFileType = text.plist.xml; path = Info.plist; sourceTree = "<group>"; };
		7FB2DA3D24BE066500C8ECF8 /* main.m */ = {isa = PBXFileReference; lastKnownFileType = sourcecode.c.objc; path = main.m; sourceTree = "<group>"; };
		7FB2DA4324BE066500C8ECF8 /* Watch NextTests.xctest */ = {isa = PBXFileReference; explicitFileType = wrapper.cfbundle; includeInIndex = 0; path = "Watch NextTests.xctest"; sourceTree = BUILT_PRODUCTS_DIR; };
		7FB2DA4724BE066500C8ECF8 /* Watch_NextTests.m */ = {isa = PBXFileReference; lastKnownFileType = sourcecode.c.objc; path = Watch_NextTests.m; sourceTree = "<group>"; };
		7FB2DA4924BE066500C8ECF8 /* Info.plist */ = {isa = PBXFileReference; lastKnownFileType = text.plist.xml; path = Info.plist; sourceTree = "<group>"; };
		7FB2DA4E24BE066500C8ECF8 /* Watch NextUITests.xctest */ = {isa = PBXFileReference; explicitFileType = wrapper.cfbundle; includeInIndex = 0; path = "Watch NextUITests.xctest"; sourceTree = BUILT_PRODUCTS_DIR; };
		7FB2DA5224BE066500C8ECF8 /* Watch_NextUITests.m */ = {isa = PBXFileReference; lastKnownFileType = sourcecode.c.objc; path = Watch_NextUITests.m; sourceTree = "<group>"; };
		7FB2DA5424BE066500C8ECF8 /* Info.plist */ = {isa = PBXFileReference; lastKnownFileType = text.plist.xml; path = Info.plist; sourceTree = "<group>"; };
		7FB2DA6124BE0BDC00C8ECF8 /* LogInViewController.h */ = {isa = PBXFileReference; lastKnownFileType = sourcecode.c.h; path = LogInViewController.h; sourceTree = "<group>"; };
		7FB2DA6224BE0BDC00C8ECF8 /* LogInViewController.m */ = {isa = PBXFileReference; lastKnownFileType = sourcecode.c.objc; path = LogInViewController.m; sourceTree = "<group>"; };
		7FB2DA6724BE0E8D00C8ECF8 /* SignUpViewController.h */ = {isa = PBXFileReference; lastKnownFileType = sourcecode.c.h; path = SignUpViewController.h; sourceTree = "<group>"; };
		7FB2DA6824BE0E8D00C8ECF8 /* SignUpViewController.m */ = {isa = PBXFileReference; lastKnownFileType = sourcecode.c.objc; path = SignUpViewController.m; sourceTree = "<group>"; };
		7FB2DA6A24BE103000C8ECF8 /* HomeViewController.h */ = {isa = PBXFileReference; lastKnownFileType = sourcecode.c.h; path = HomeViewController.h; sourceTree = "<group>"; };
		7FB2DA6B24BE103000C8ECF8 /* HomeViewController.m */ = {isa = PBXFileReference; lastKnownFileType = sourcecode.c.objc; path = HomeViewController.m; sourceTree = "<group>"; };
		7FB2DA6D24BE11A000C8ECF8 /* MediaCollectionViewCell.h */ = {isa = PBXFileReference; lastKnownFileType = sourcecode.c.h; path = MediaCollectionViewCell.h; sourceTree = "<group>"; };
		7FB2DA6E24BE11A000C8ECF8 /* MediaCollectionViewCell.m */ = {isa = PBXFileReference; lastKnownFileType = sourcecode.c.objc; path = MediaCollectionViewCell.m; sourceTree = "<group>"; };
		7FB2DA7124BE192800C8ECF8 /* SearchViewController.h */ = {isa = PBXFileReference; lastKnownFileType = sourcecode.c.h; path = SearchViewController.h; sourceTree = "<group>"; };
		7FB2DA7224BE192800C8ECF8 /* SearchViewController.m */ = {isa = PBXFileReference; lastKnownFileType = sourcecode.c.objc; path = SearchViewController.m; sourceTree = "<group>"; };
		7FB2DA7424BE1EF200C8ECF8 /* SearchResultsTableViewCell.h */ = {isa = PBXFileReference; lastKnownFileType = sourcecode.c.h; path = SearchResultsTableViewCell.h; sourceTree = "<group>"; };
		7FB2DA7524BE1EF200C8ECF8 /* SearchResultsTableViewCell.m */ = {isa = PBXFileReference; lastKnownFileType = sourcecode.c.objc; path = SearchResultsTableViewCell.m; sourceTree = "<group>"; };
		7FB2DA7724BE21D500C8ECF8 /* SettingsViewController.h */ = {isa = PBXFileReference; lastKnownFileType = sourcecode.c.h; path = SettingsViewController.h; sourceTree = "<group>"; };
		7FB2DA7824BE21D500C8ECF8 /* SettingsViewController.m */ = {isa = PBXFileReference; lastKnownFileType = sourcecode.c.objc; path = SettingsViewController.m; sourceTree = "<group>"; };
		7FB2DA8124BE28EC00C8ECF8 /* UserViewController.h */ = {isa = PBXFileReference; lastKnownFileType = sourcecode.c.h; path = UserViewController.h; sourceTree = "<group>"; };
		7FB2DA8224BE28EC00C8ECF8 /* UserViewController.m */ = {isa = PBXFileReference; lastKnownFileType = sourcecode.c.objc; path = UserViewController.m; sourceTree = "<group>"; };
		7FB2DA8524BF60D200C8ECF8 /* WatchNextUser.h */ = {isa = PBXFileReference; lastKnownFileType = sourcecode.c.h; path = WatchNextUser.h; sourceTree = "<group>"; };
		7FB2DA8624BF60D200C8ECF8 /* WatchNextUser.m */ = {isa = PBXFileReference; lastKnownFileType = sourcecode.c.objc; path = WatchNextUser.m; sourceTree = "<group>"; };
		7FB2DA8824BF64C200C8ECF8 /* Interaction.h */ = {isa = PBXFileReference; lastKnownFileType = sourcecode.c.h; path = Interaction.h; sourceTree = "<group>"; };
		7FB2DA8924BF64C200C8ECF8 /* Interaction.m */ = {isa = PBXFileReference; lastKnownFileType = sourcecode.c.objc; path = Interaction.m; sourceTree = "<group>"; };
		7FB2DA8B24BF7A3900C8ECF8 /* MediaViewController.h */ = {isa = PBXFileReference; lastKnownFileType = sourcecode.c.h; path = MediaViewController.h; sourceTree = "<group>"; };
		7FB2DA8C24BF7A3900C8ECF8 /* MediaViewController.m */ = {isa = PBXFileReference; lastKnownFileType = sourcecode.c.objc; path = MediaViewController.m; sourceTree = "<group>"; };
		7FE7CCE124CA36A700300CEE /* SuggestionsViewController.h */ = {isa = PBXFileReference; lastKnownFileType = sourcecode.c.h; path = SuggestionsViewController.h; sourceTree = "<group>"; };
		7FE7CCE224CA36A700300CEE /* SuggestionsViewController.m */ = {isa = PBXFileReference; lastKnownFileType = sourcecode.c.objc; path = SuggestionsViewController.m; sourceTree = "<group>"; };
/* End PBXFileReference section */

/* Begin PBXFrameworksBuildPhase section */
		7FB2DA2524BE066300C8ECF8 /* Frameworks */ = {
			isa = PBXFrameworksBuildPhase;
			buildActionMask = 2147483647;
			files = (
				55B98E6EAA902DA391ED2E0A /* (null) in Frameworks */,
				D5F46262001E24B59959E14C /* libPods-Watch Next.a in Frameworks */,
			);
			runOnlyForDeploymentPostprocessing = 0;
		};
		7FB2DA4024BE066500C8ECF8 /* Frameworks */ = {
			isa = PBXFrameworksBuildPhase;
			buildActionMask = 2147483647;
			files = (
			);
			runOnlyForDeploymentPostprocessing = 0;
		};
		7FB2DA4B24BE066500C8ECF8 /* Frameworks */ = {
			isa = PBXFrameworksBuildPhase;
			buildActionMask = 2147483647;
			files = (
			);
			runOnlyForDeploymentPostprocessing = 0;
		};
/* End PBXFrameworksBuildPhase section */

/* Begin PBXGroup section */
		7FAAFDDA24D8DED400E3674B /* Recovered References */ = {
			isa = PBXGroup;
			children = (
				7F06009724D8805100DE1F38 /* error_fixer.swift */,
			);
			name = "Recovered References";
			sourceTree = "<group>";
		};
		7FB2DA1F24BE066300C8ECF8 = {
			isa = PBXGroup;
			children = (
				7FE7CCE124CA36A700300CEE /* SuggestionsViewController.h */,
				7FE7CCE224CA36A700300CEE /* SuggestionsViewController.m */,
				7FB2DA8424BF5D2500C8ECF8 /* Data Models */,
				7FB2DA6024BE0BB200C8ECF8 /* View Controllers */,
				7FB2DA7024BE11A800C8ECF8 /* Views */,
				7FB2DA2A24BE066300C8ECF8 /* Watch Next */,
				7FB2DA4624BE066500C8ECF8 /* Watch NextTests */,
				7FB2DA5124BE066500C8ECF8 /* Watch NextUITests */,
				7FB2DA2924BE066300C8ECF8 /* Products */,
				9861F91C70D12E891A820563 /* Pods */,
				AC8D0F00C5464C9B915B8028 /* Frameworks */,
				7F06009624D8805000DE1F38 /* Watch Next-Bridging-Header.h */,
				7FAAFDDA24D8DED400E3674B /* Recovered References */,
			);
			sourceTree = "<group>";
		};
		7FB2DA2924BE066300C8ECF8 /* Products */ = {
			isa = PBXGroup;
			children = (
				7FB2DA2824BE066300C8ECF8 /* Watch Next.app */,
				7FB2DA4324BE066500C8ECF8 /* Watch NextTests.xctest */,
				7FB2DA4E24BE066500C8ECF8 /* Watch NextUITests.xctest */,
			);
			name = Products;
			sourceTree = "<group>";
		};
		7FB2DA2A24BE066300C8ECF8 /* Watch Next */ = {
			isa = PBXGroup;
			children = (
				7FB2DA3424BE066300C8ECF8 /* Main.storyboard */,
				7FB2DA3924BE066500C8ECF8 /* LaunchScreen.storyboard */,
				7FB2DA2B24BE066300C8ECF8 /* AppDelegate.h */,
				7FB2DA2C24BE066300C8ECF8 /* AppDelegate.m */,
				7FB2DA2E24BE066300C8ECF8 /* SceneDelegate.h */,
				7FB2DA2F24BE066300C8ECF8 /* SceneDelegate.m */,
				7FB2DA3724BE066500C8ECF8 /* Assets.xcassets */,
				7FB2DA3C24BE066500C8ECF8 /* Info.plist */,
				7FB2DA3D24BE066500C8ECF8 /* main.m */,
			);
			path = "Watch Next";
			sourceTree = "<group>";
		};
		7FB2DA4624BE066500C8ECF8 /* Watch NextTests */ = {
			isa = PBXGroup;
			children = (
				7FB2DA4724BE066500C8ECF8 /* Watch_NextTests.m */,
				7FB2DA4924BE066500C8ECF8 /* Info.plist */,
			);
			path = "Watch NextTests";
			sourceTree = "<group>";
		};
		7FB2DA5124BE066500C8ECF8 /* Watch NextUITests */ = {
			isa = PBXGroup;
			children = (
				7FB2DA5224BE066500C8ECF8 /* Watch_NextUITests.m */,
				7FB2DA5424BE066500C8ECF8 /* Info.plist */,
			);
			path = "Watch NextUITests";
			sourceTree = "<group>";
		};
		7FB2DA6024BE0BB200C8ECF8 /* View Controllers */ = {
			isa = PBXGroup;
			children = (
				7FB2DA6124BE0BDC00C8ECF8 /* LogInViewController.h */,
				7FB2DA6224BE0BDC00C8ECF8 /* LogInViewController.m */,
				7FB2DA6724BE0E8D00C8ECF8 /* SignUpViewController.h */,
				7FB2DA6824BE0E8D00C8ECF8 /* SignUpViewController.m */,
				7FAAFDDB24DA259200E3674B /* TestTabsViewController.h */,
				7FAAFDDC24DA259200E3674B /* TestTabsViewController.m */,
				7FB2DA6A24BE103000C8ECF8 /* HomeViewController.h */,
				7FB2DA6B24BE103000C8ECF8 /* HomeViewController.m */,
				7FB2DA8B24BF7A3900C8ECF8 /* MediaViewController.h */,
				7FB2DA8C24BF7A3900C8ECF8 /* MediaViewController.m */,
				7FB2DA8124BE28EC00C8ECF8 /* UserViewController.h */,
				7FB2DA8224BE28EC00C8ECF8 /* UserViewController.m */,
				7FAAFDDE24DB5C0F00E3674B /* ListsViewController.h */,
				7FAAFDDF24DB5C0F00E3674B /* ListsViewController.m */,
				7FAAFDE124DB5D4900E3674B /* WatchedViewController.h */,
				7FAAFDE224DB5D4900E3674B /* WatchedViewController.m */,
				7FAAFDE424DB5E3C00E3674B /* WatchNextViewController.h */,
				7FAAFDE524DB5E3C00E3674B /* WatchNextViewController.m */,
				7FB2DA7124BE192800C8ECF8 /* SearchViewController.h */,
				7FB2DA7224BE192800C8ECF8 /* SearchViewController.m */,
				7FB2DA7724BE21D500C8ECF8 /* SettingsViewController.h */,
				7FB2DA7824BE21D500C8ECF8 /* SettingsViewController.m */,
			);
			path = "View Controllers";
			sourceTree = "<group>";
		};
		7FB2DA7024BE11A800C8ECF8 /* Views */ = {
			isa = PBXGroup;
			children = (
				7FB2DA6D24BE11A000C8ECF8 /* MediaCollectionViewCell.h */,
				7FB2DA6E24BE11A000C8ECF8 /* MediaCollectionViewCell.m */,
				7FB2DA7424BE1EF200C8ECF8 /* SearchResultsTableViewCell.h */,
				7FB2DA7524BE1EF200C8ECF8 /* SearchResultsTableViewCell.m */,
			);
			path = Views;
			sourceTree = "<group>";
		};
		7FB2DA8424BF5D2500C8ECF8 /* Data Models */ = {
			isa = PBXGroup;
			children = (
				7FB2DA8524BF60D200C8ECF8 /* WatchNextUser.h */,
				7FB2DA8624BF60D200C8ECF8 /* WatchNextUser.m */,
				7FB2DA8824BF64C200C8ECF8 /* Interaction.h */,
				7FB2DA8924BF64C200C8ECF8 /* Interaction.m */,
			);
			path = "Data Models";
			sourceTree = "<group>";
		};
		9861F91C70D12E891A820563 /* Pods */ = {
			isa = PBXGroup;
			children = (
				2D512EFCEA7FF5021F76AD0C /* Pods-Watch Next.debug.xcconfig */,
				5CD11D3410ED5EFD680BB498 /* Pods-Watch Next.release.xcconfig */,
			);
			path = Pods;
			sourceTree = "<group>";
		};
		AC8D0F00C5464C9B915B8028 /* Frameworks */ = {
			isa = PBXGroup;
			children = (
				39734629D05C054D907BF477 /* libPods-Watch Next.a */,
			);
			name = Frameworks;
			sourceTree = "<group>";
		};
/* End PBXGroup section */

/* Begin PBXNativeTarget section */
		7FB2DA2724BE066300C8ECF8 /* Watch Next */ = {
			isa = PBXNativeTarget;
			buildConfigurationList = 7FB2DA5724BE066500C8ECF8 /* Build configuration list for PBXNativeTarget "Watch Next" */;
			buildPhases = (
				8B91C80E79AD5F9A6BCE6587 /* [CP] Check Pods Manifest.lock */,
				7FB2DA2424BE066300C8ECF8 /* Sources */,
				7FB2DA2524BE066300C8ECF8 /* Frameworks */,
				7FB2DA2624BE066300C8ECF8 /* Resources */,
				FD49A5A6259C4E6134D5544F /* [CP] Copy Pods Resources */,
			);
			buildRules = (
			);
			dependencies = (
			);
			name = "Watch Next";
			productName = "Watch Next";
			productReference = 7FB2DA2824BE066300C8ECF8 /* Watch Next.app */;
			productType = "com.apple.product-type.application";
		};
		7FB2DA4224BE066500C8ECF8 /* Watch NextTests */ = {
			isa = PBXNativeTarget;
			buildConfigurationList = 7FB2DA5A24BE066500C8ECF8 /* Build configuration list for PBXNativeTarget "Watch NextTests" */;
			buildPhases = (
				7FB2DA3F24BE066500C8ECF8 /* Sources */,
				7FB2DA4024BE066500C8ECF8 /* Frameworks */,
				7FB2DA4124BE066500C8ECF8 /* Resources */,
			);
			buildRules = (
			);
			dependencies = (
				7FB2DA4524BE066500C8ECF8 /* PBXTargetDependency */,
			);
			name = "Watch NextTests";
			productName = "Watch NextTests";
			productReference = 7FB2DA4324BE066500C8ECF8 /* Watch NextTests.xctest */;
			productType = "com.apple.product-type.bundle.unit-test";
		};
		7FB2DA4D24BE066500C8ECF8 /* Watch NextUITests */ = {
			isa = PBXNativeTarget;
			buildConfigurationList = 7FB2DA5D24BE066500C8ECF8 /* Build configuration list for PBXNativeTarget "Watch NextUITests" */;
			buildPhases = (
				7FB2DA4A24BE066500C8ECF8 /* Sources */,
				7FB2DA4B24BE066500C8ECF8 /* Frameworks */,
				7FB2DA4C24BE066500C8ECF8 /* Resources */,
			);
			buildRules = (
			);
			dependencies = (
				7FB2DA5024BE066500C8ECF8 /* PBXTargetDependency */,
			);
			name = "Watch NextUITests";
			productName = "Watch NextUITests";
			productReference = 7FB2DA4E24BE066500C8ECF8 /* Watch NextUITests.xctest */;
			productType = "com.apple.product-type.bundle.ui-testing";
		};
/* End PBXNativeTarget section */

/* Begin PBXProject section */
		7FB2DA2024BE066300C8ECF8 /* Project object */ = {
			isa = PBXProject;
			attributes = {
				LastUpgradeCheck = 1150;
				ORGANIZATIONNAME = "Mason Creations";
				TargetAttributes = {
					7FB2DA2724BE066300C8ECF8 = {
						CreatedOnToolsVersion = 11.5;
						LastSwiftMigration = 1160;
					};
					7FB2DA4224BE066500C8ECF8 = {
						CreatedOnToolsVersion = 11.5;
						TestTargetID = 7FB2DA2724BE066300C8ECF8;
					};
					7FB2DA4D24BE066500C8ECF8 = {
						CreatedOnToolsVersion = 11.5;
						TestTargetID = 7FB2DA2724BE066300C8ECF8;
					};
				};
			};
			buildConfigurationList = 7FB2DA2324BE066300C8ECF8 /* Build configuration list for PBXProject "Watch Next" */;
			compatibilityVersion = "Xcode 9.3";
			developmentRegion = en;
			hasScannedForEncodings = 0;
			knownRegions = (
				en,
				Base,
			);
			mainGroup = 7FB2DA1F24BE066300C8ECF8;
			productRefGroup = 7FB2DA2924BE066300C8ECF8 /* Products */;
			projectDirPath = "";
			projectRoot = "";
			targets = (
				7FB2DA2724BE066300C8ECF8 /* Watch Next */,
				7FB2DA4224BE066500C8ECF8 /* Watch NextTests */,
				7FB2DA4D24BE066500C8ECF8 /* Watch NextUITests */,
			);
		};
/* End PBXProject section */

/* Begin PBXResourcesBuildPhase section */
		7FB2DA2624BE066300C8ECF8 /* Resources */ = {
			isa = PBXResourcesBuildPhase;
			buildActionMask = 2147483647;
			files = (
				7FB2DA3B24BE066500C8ECF8 /* LaunchScreen.storyboard in Resources */,
				7FB2DA3824BE066500C8ECF8 /* Assets.xcassets in Resources */,
				7FB2DA3624BE066300C8ECF8 /* Main.storyboard in Resources */,
			);
			runOnlyForDeploymentPostprocessing = 0;
		};
		7FB2DA4124BE066500C8ECF8 /* Resources */ = {
			isa = PBXResourcesBuildPhase;
			buildActionMask = 2147483647;
			files = (
			);
			runOnlyForDeploymentPostprocessing = 0;
		};
		7FB2DA4C24BE066500C8ECF8 /* Resources */ = {
			isa = PBXResourcesBuildPhase;
			buildActionMask = 2147483647;
			files = (
			);
			runOnlyForDeploymentPostprocessing = 0;
		};
/* End PBXResourcesBuildPhase section */

/* Begin PBXShellScriptBuildPhase section */
		8B91C80E79AD5F9A6BCE6587 /* [CP] Check Pods Manifest.lock */ = {
			isa = PBXShellScriptBuildPhase;
			buildActionMask = 2147483647;
			files = (
			);
			inputFileListPaths = (
			);
			inputPaths = (
				"${PODS_PODFILE_DIR_PATH}/Podfile.lock",
				"${PODS_ROOT}/Manifest.lock",
			);
			name = "[CP] Check Pods Manifest.lock";
			outputFileListPaths = (
			);
			outputPaths = (
				"$(DERIVED_FILE_DIR)/Pods-Watch Next-checkManifestLockResult.txt",
			);
			runOnlyForDeploymentPostprocessing = 0;
			shellPath = /bin/sh;
			shellScript = "diff \"${PODS_PODFILE_DIR_PATH}/Podfile.lock\" \"${PODS_ROOT}/Manifest.lock\" > /dev/null\nif [ $? != 0 ] ; then\n    # print error to STDERR\n    echo \"error: The sandbox is not in sync with the Podfile.lock. Run 'pod install' or update your CocoaPods installation.\" >&2\n    exit 1\nfi\n# This output is used by Xcode 'outputs' to avoid re-running this script phase.\necho \"SUCCESS\" > \"${SCRIPT_OUTPUT_FILE_0}\"\n";
			showEnvVarsInLog = 0;
		};
		FD49A5A6259C4E6134D5544F /* [CP] Copy Pods Resources */ = {
			isa = PBXShellScriptBuildPhase;
			buildActionMask = 2147483647;
			files = (
			);
			inputFileListPaths = (
				"${PODS_ROOT}/Target Support Files/Pods-Watch Next/Pods-Watch Next-resources-${CONFIGURATION}-input-files.xcfilelist",
			);
			name = "[CP] Copy Pods Resources";
			outputFileListPaths = (
				"${PODS_ROOT}/Target Support Files/Pods-Watch Next/Pods-Watch Next-resources-${CONFIGURATION}-output-files.xcfilelist",
			);
			runOnlyForDeploymentPostprocessing = 0;
			shellPath = /bin/sh;
			shellScript = "\"${PODS_ROOT}/Target Support Files/Pods-Watch Next/Pods-Watch Next-resources.sh\"\n";
			showEnvVarsInLog = 0;
		};
/* End PBXShellScriptBuildPhase section */

/* Begin PBXSourcesBuildPhase section */
		7FB2DA2424BE066300C8ECF8 /* Sources */ = {
			isa = PBXSourcesBuildPhase;
			buildActionMask = 2147483647;
			files = (
				7FB2DA2D24BE066300C8ECF8 /* AppDelegate.m in Sources */,
				7FB2DA8D24BF7A3900C8ECF8 /* MediaViewController.m in Sources */,
				7F06009824D8805100DE1F38 /* error_fixer.swift in Sources */,
				7FB2DA6924BE0E8D00C8ECF8 /* SignUpViewController.m in Sources */,
				7FB2DA6F24BE11A000C8ECF8 /* MediaCollectionViewCell.m in Sources */,
				7FB2DA7324BE192800C8ECF8 /* SearchViewController.m in Sources */,
				7FB2DA6324BE0BDC00C8ECF8 /* LogInViewController.m in Sources */,
				7FB2DA8324BE28EC00C8ECF8 /* UserViewController.m in Sources */,
				7FAAFDE024DB5C0F00E3674B /* ListsViewController.m in Sources */,
				7FAAFDDD24DA259200E3674B /* TestTabsViewController.m in Sources */,
				7FB2DA8A24BF64C200C8ECF8 /* Interaction.m in Sources */,
				7FB2DA8724BF60D200C8ECF8 /* WatchNextUser.m in Sources */,
				7FB2DA3E24BE066500C8ECF8 /* main.m in Sources */,
				7FE7CCE324CA36A700300CEE /* SuggestionsViewController.m in Sources */,
				7FAAFDE324DB5D4900E3674B /* WatchedViewController.m in Sources */,
				7FB2DA6C24BE103000C8ECF8 /* HomeViewController.m in Sources */,
				7FB2DA7924BE21D500C8ECF8 /* SettingsViewController.m in Sources */,
				7FAAFDE624DB5E3C00E3674B /* WatchNextViewController.m in Sources */,
				7FB2DA7624BE1EF200C8ECF8 /* SearchResultsTableViewCell.m in Sources */,
				7FB2DA3024BE066300C8ECF8 /* SceneDelegate.m in Sources */,
			);
			runOnlyForDeploymentPostprocessing = 0;
		};
		7FB2DA3F24BE066500C8ECF8 /* Sources */ = {
			isa = PBXSourcesBuildPhase;
			buildActionMask = 2147483647;
			files = (
				7FB2DA4824BE066500C8ECF8 /* Watch_NextTests.m in Sources */,
			);
			runOnlyForDeploymentPostprocessing = 0;
		};
		7FB2DA4A24BE066500C8ECF8 /* Sources */ = {
			isa = PBXSourcesBuildPhase;
			buildActionMask = 2147483647;
			files = (
				7FB2DA5324BE066500C8ECF8 /* Watch_NextUITests.m in Sources */,
			);
			runOnlyForDeploymentPostprocessing = 0;
		};
/* End PBXSourcesBuildPhase section */

/* Begin PBXTargetDependency section */
		7FB2DA4524BE066500C8ECF8 /* PBXTargetDependency */ = {
			isa = PBXTargetDependency;
			target = 7FB2DA2724BE066300C8ECF8 /* Watch Next */;
			targetProxy = 7FB2DA4424BE066500C8ECF8 /* PBXContainerItemProxy */;
		};
		7FB2DA5024BE066500C8ECF8 /* PBXTargetDependency */ = {
			isa = PBXTargetDependency;
			target = 7FB2DA2724BE066300C8ECF8 /* Watch Next */;
			targetProxy = 7FB2DA4F24BE066500C8ECF8 /* PBXContainerItemProxy */;
		};
/* End PBXTargetDependency section */

/* Begin PBXVariantGroup section */
		7FB2DA3424BE066300C8ECF8 /* Main.storyboard */ = {
			isa = PBXVariantGroup;
			children = (
				7FB2DA3524BE066300C8ECF8 /* Base */,
			);
			name = Main.storyboard;
			sourceTree = "<group>";
		};
		7FB2DA3924BE066500C8ECF8 /* LaunchScreen.storyboard */ = {
			isa = PBXVariantGroup;
			children = (
				7FB2DA3A24BE066500C8ECF8 /* Base */,
			);
			name = LaunchScreen.storyboard;
			sourceTree = "<group>";
		};
/* End PBXVariantGroup section */

/* Begin XCBuildConfiguration section */
		7FB2DA5524BE066500C8ECF8 /* Debug */ = {
			isa = XCBuildConfiguration;
			buildSettings = {
				ALWAYS_SEARCH_USER_PATHS = NO;
				CLANG_ANALYZER_NONNULL = YES;
				CLANG_ANALYZER_NUMBER_OBJECT_CONVERSION = YES_AGGRESSIVE;
				CLANG_CXX_LANGUAGE_STANDARD = "gnu++14";
				CLANG_CXX_LIBRARY = "libc++";
				CLANG_ENABLE_MODULES = YES;
				CLANG_ENABLE_OBJC_ARC = YES;
				CLANG_ENABLE_OBJC_WEAK = YES;
				CLANG_WARN_BLOCK_CAPTURE_AUTORELEASING = YES;
				CLANG_WARN_BOOL_CONVERSION = YES;
				CLANG_WARN_COMMA = YES;
				CLANG_WARN_CONSTANT_CONVERSION = YES;
				CLANG_WARN_DEPRECATED_OBJC_IMPLEMENTATIONS = YES;
				CLANG_WARN_DIRECT_OBJC_ISA_USAGE = YES_ERROR;
				CLANG_WARN_DOCUMENTATION_COMMENTS = YES;
				CLANG_WARN_EMPTY_BODY = YES;
				CLANG_WARN_ENUM_CONVERSION = YES;
				CLANG_WARN_INFINITE_RECURSION = YES;
				CLANG_WARN_INT_CONVERSION = YES;
				CLANG_WARN_NON_LITERAL_NULL_CONVERSION = YES;
				CLANG_WARN_OBJC_IMPLICIT_RETAIN_SELF = YES;
				CLANG_WARN_OBJC_LITERAL_CONVERSION = YES;
				CLANG_WARN_OBJC_ROOT_CLASS = YES_ERROR;
				CLANG_WARN_RANGE_LOOP_ANALYSIS = YES;
				CLANG_WARN_STRICT_PROTOTYPES = YES;
				CLANG_WARN_SUSPICIOUS_MOVE = YES;
				CLANG_WARN_UNGUARDED_AVAILABILITY = YES_AGGRESSIVE;
				CLANG_WARN_UNREACHABLE_CODE = YES;
				CLANG_WARN__DUPLICATE_METHOD_MATCH = YES;
				COPY_PHASE_STRIP = NO;
				DEBUG_INFORMATION_FORMAT = dwarf;
				ENABLE_STRICT_OBJC_MSGSEND = YES;
				ENABLE_TESTABILITY = YES;
				GCC_C_LANGUAGE_STANDARD = gnu11;
				GCC_DYNAMIC_NO_PIC = NO;
				GCC_NO_COMMON_BLOCKS = YES;
				GCC_OPTIMIZATION_LEVEL = 0;
				GCC_PREPROCESSOR_DEFINITIONS = (
					"DEBUG=1",
					"$(inherited)",
				);
				GCC_WARN_64_TO_32_BIT_CONVERSION = YES;
				GCC_WARN_ABOUT_RETURN_TYPE = YES_ERROR;
				GCC_WARN_UNDECLARED_SELECTOR = YES;
				GCC_WARN_UNINITIALIZED_AUTOS = YES_AGGRESSIVE;
				GCC_WARN_UNUSED_FUNCTION = YES;
				GCC_WARN_UNUSED_VARIABLE = YES;
				IPHONEOS_DEPLOYMENT_TARGET = 13.5;
				MTL_ENABLE_DEBUG_INFO = INCLUDE_SOURCE;
				MTL_FAST_MATH = YES;
				ONLY_ACTIVE_ARCH = YES;
				SDKROOT = iphoneos;
			};
			name = Debug;
		};
		7FB2DA5624BE066500C8ECF8 /* Release */ = {
			isa = XCBuildConfiguration;
			buildSettings = {
				ALWAYS_SEARCH_USER_PATHS = NO;
				CLANG_ANALYZER_NONNULL = YES;
				CLANG_ANALYZER_NUMBER_OBJECT_CONVERSION = YES_AGGRESSIVE;
				CLANG_CXX_LANGUAGE_STANDARD = "gnu++14";
				CLANG_CXX_LIBRARY = "libc++";
				CLANG_ENABLE_MODULES = YES;
				CLANG_ENABLE_OBJC_ARC = YES;
				CLANG_ENABLE_OBJC_WEAK = YES;
				CLANG_WARN_BLOCK_CAPTURE_AUTORELEASING = YES;
				CLANG_WARN_BOOL_CONVERSION = YES;
				CLANG_WARN_COMMA = YES;
				CLANG_WARN_CONSTANT_CONVERSION = YES;
				CLANG_WARN_DEPRECATED_OBJC_IMPLEMENTATIONS = YES;
				CLANG_WARN_DIRECT_OBJC_ISA_USAGE = YES_ERROR;
				CLANG_WARN_DOCUMENTATION_COMMENTS = YES;
				CLANG_WARN_EMPTY_BODY = YES;
				CLANG_WARN_ENUM_CONVERSION = YES;
				CLANG_WARN_INFINITE_RECURSION = YES;
				CLANG_WARN_INT_CONVERSION = YES;
				CLANG_WARN_NON_LITERAL_NULL_CONVERSION = YES;
				CLANG_WARN_OBJC_IMPLICIT_RETAIN_SELF = YES;
				CLANG_WARN_OBJC_LITERAL_CONVERSION = YES;
				CLANG_WARN_OBJC_ROOT_CLASS = YES_ERROR;
				CLANG_WARN_RANGE_LOOP_ANALYSIS = YES;
				CLANG_WARN_STRICT_PROTOTYPES = YES;
				CLANG_WARN_SUSPICIOUS_MOVE = YES;
				CLANG_WARN_UNGUARDED_AVAILABILITY = YES_AGGRESSIVE;
				CLANG_WARN_UNREACHABLE_CODE = YES;
				CLANG_WARN__DUPLICATE_METHOD_MATCH = YES;
				COPY_PHASE_STRIP = NO;
				DEBUG_INFORMATION_FORMAT = "dwarf-with-dsym";
				ENABLE_NS_ASSERTIONS = NO;
				ENABLE_STRICT_OBJC_MSGSEND = YES;
				GCC_C_LANGUAGE_STANDARD = gnu11;
				GCC_NO_COMMON_BLOCKS = YES;
				GCC_WARN_64_TO_32_BIT_CONVERSION = YES;
				GCC_WARN_ABOUT_RETURN_TYPE = YES_ERROR;
				GCC_WARN_UNDECLARED_SELECTOR = YES;
				GCC_WARN_UNINITIALIZED_AUTOS = YES_AGGRESSIVE;
				GCC_WARN_UNUSED_FUNCTION = YES;
				GCC_WARN_UNUSED_VARIABLE = YES;
				IPHONEOS_DEPLOYMENT_TARGET = 13.5;
				MTL_ENABLE_DEBUG_INFO = NO;
				MTL_FAST_MATH = YES;
				SDKROOT = iphoneos;
				VALIDATE_PRODUCT = YES;
			};
			name = Release;
		};
		7FB2DA5824BE066500C8ECF8 /* Debug */ = {
			isa = XCBuildConfiguration;
			baseConfigurationReference = 2D512EFCEA7FF5021F76AD0C /* Pods-Watch Next.debug.xcconfig */;
			buildSettings = {
				ASSETCATALOG_COMPILER_APPICON_NAME = AppIcon;
				CLANG_ENABLE_MODULES = YES;
				CODE_SIGN_STYLE = Automatic;
				DEVELOPMENT_TEAM = 5BAQWB9QC5;
				INFOPLIST_FILE = "Watch Next/Info.plist";
				LD_RUNPATH_SEARCH_PATHS = (
					"$(inherited)",
					"@executable_path/Frameworks",
				);
				PRODUCT_BUNDLE_IDENTIFIER = "MC.Watch-Next";
				PRODUCT_NAME = "$(TARGET_NAME)";
				SWIFT_OBJC_BRIDGING_HEADER = "Watch Next-Bridging-Header.h";
				SWIFT_OPTIMIZATION_LEVEL = "-Onone";
				SWIFT_VERSION = 5.0;
				TARGETED_DEVICE_FAMILY = "1,2";
			};
			name = Debug;
		};
		7FB2DA5924BE066500C8ECF8 /* Release */ = {
			isa = XCBuildConfiguration;
			baseConfigurationReference = 5CD11D3410ED5EFD680BB498 /* Pods-Watch Next.release.xcconfig */;
			buildSettings = {
				ASSETCATALOG_COMPILER_APPICON_NAME = AppIcon;
				CLANG_ENABLE_MODULES = YES;
				CODE_SIGN_STYLE = Automatic;
				DEVELOPMENT_TEAM = 5BAQWB9QC5;
				INFOPLIST_FILE = "Watch Next/Info.plist";
				LD_RUNPATH_SEARCH_PATHS = (
					"$(inherited)",
					"@executable_path/Frameworks",
				);
				PRODUCT_BUNDLE_IDENTIFIER = "MC.Watch-Next";
				PRODUCT_NAME = "$(TARGET_NAME)";
				SWIFT_OBJC_BRIDGING_HEADER = "Watch Next-Bridging-Header.h";
				SWIFT_VERSION = 5.0;
				TARGETED_DEVICE_FAMILY = "1,2";
			};
			name = Release;
		};
		7FB2DA5B24BE066500C8ECF8 /* Debug */ = {
			isa = XCBuildConfiguration;
			buildSettings = {
				ALWAYS_EMBED_SWIFT_STANDARD_LIBRARIES = YES;
				BUNDLE_LOADER = "$(TEST_HOST)";
				CODE_SIGN_STYLE = Automatic;
				INFOPLIST_FILE = "Watch NextTests/Info.plist";
				IPHONEOS_DEPLOYMENT_TARGET = 13.5;
				LD_RUNPATH_SEARCH_PATHS = (
					"$(inherited)",
					"@executable_path/Frameworks",
					"@loader_path/Frameworks",
				);
				PRODUCT_BUNDLE_IDENTIFIER = "MC.Watch-NextTests";
				PRODUCT_NAME = "$(TARGET_NAME)";
				TARGETED_DEVICE_FAMILY = "1,2";
				TEST_HOST = "$(BUILT_PRODUCTS_DIR)/Watch Next.app/Watch Next";
			};
			name = Debug;
		};
		7FB2DA5C24BE066500C8ECF8 /* Release */ = {
			isa = XCBuildConfiguration;
			buildSettings = {
				ALWAYS_EMBED_SWIFT_STANDARD_LIBRARIES = YES;
				BUNDLE_LOADER = "$(TEST_HOST)";
				CODE_SIGN_STYLE = Automatic;
				INFOPLIST_FILE = "Watch NextTests/Info.plist";
				IPHONEOS_DEPLOYMENT_TARGET = 13.5;
				LD_RUNPATH_SEARCH_PATHS = (
					"$(inherited)",
					"@executable_path/Frameworks",
					"@loader_path/Frameworks",
				);
				PRODUCT_BUNDLE_IDENTIFIER = "MC.Watch-NextTests";
				PRODUCT_NAME = "$(TARGET_NAME)";
				TARGETED_DEVICE_FAMILY = "1,2";
				TEST_HOST = "$(BUILT_PRODUCTS_DIR)/Watch Next.app/Watch Next";
			};
			name = Release;
		};
		7FB2DA5E24BE066500C8ECF8 /* Debug */ = {
			isa = XCBuildConfiguration;
			buildSettings = {
				ALWAYS_EMBED_SWIFT_STANDARD_LIBRARIES = YES;
				CODE_SIGN_STYLE = Automatic;
				INFOPLIST_FILE = "Watch NextUITests/Info.plist";
				LD_RUNPATH_SEARCH_PATHS = (
					"$(inherited)",
					"@executable_path/Frameworks",
					"@loader_path/Frameworks",
				);
				PRODUCT_BUNDLE_IDENTIFIER = "MC.Watch-NextUITests";
				PRODUCT_NAME = "$(TARGET_NAME)";
				TARGETED_DEVICE_FAMILY = "1,2";
				TEST_TARGET_NAME = "Watch Next";
			};
			name = Debug;
		};
		7FB2DA5F24BE066500C8ECF8 /* Release */ = {
			isa = XCBuildConfiguration;
			buildSettings = {
				ALWAYS_EMBED_SWIFT_STANDARD_LIBRARIES = YES;
				CODE_SIGN_STYLE = Automatic;
				INFOPLIST_FILE = "Watch NextUITests/Info.plist";
				LD_RUNPATH_SEARCH_PATHS = (
					"$(inherited)",
					"@executable_path/Frameworks",
					"@loader_path/Frameworks",
				);
				PRODUCT_BUNDLE_IDENTIFIER = "MC.Watch-NextUITests";
				PRODUCT_NAME = "$(TARGET_NAME)";
				TARGETED_DEVICE_FAMILY = "1,2";
				TEST_TARGET_NAME = "Watch Next";
			};
			name = Release;
		};
/* End XCBuildConfiguration section */

/* Begin XCConfigurationList section */
		7FB2DA2324BE066300C8ECF8 /* Build configuration list for PBXProject "Watch Next" */ = {
			isa = XCConfigurationList;
			buildConfigurations = (
				7FB2DA5524BE066500C8ECF8 /* Debug */,
				7FB2DA5624BE066500C8ECF8 /* Release */,
			);
			defaultConfigurationIsVisible = 0;
			defaultConfigurationName = Release;
		};
		7FB2DA5724BE066500C8ECF8 /* Build configuration list for PBXNativeTarget "Watch Next" */ = {
			isa = XCConfigurationList;
			buildConfigurations = (
				7FB2DA5824BE066500C8ECF8 /* Debug */,
				7FB2DA5924BE066500C8ECF8 /* Release */,
			);
			defaultConfigurationIsVisible = 0;
			defaultConfigurationName = Release;
		};
		7FB2DA5A24BE066500C8ECF8 /* Build configuration list for PBXNativeTarget "Watch NextTests" */ = {
			isa = XCConfigurationList;
			buildConfigurations = (
				7FB2DA5B24BE066500C8ECF8 /* Debug */,
				7FB2DA5C24BE066500C8ECF8 /* Release */,
			);
			defaultConfigurationIsVisible = 0;
			defaultConfigurationName = Release;
		};
		7FB2DA5D24BE066500C8ECF8 /* Build configuration list for PBXNativeTarget "Watch NextUITests" */ = {
			isa = XCConfigurationList;
			buildConfigurations = (
				7FB2DA5E24BE066500C8ECF8 /* Debug */,
				7FB2DA5F24BE066500C8ECF8 /* Release */,
			);
			defaultConfigurationIsVisible = 0;
			defaultConfigurationName = Release;
		};
/* End XCConfigurationList section */
	};
	rootObject = 7FB2DA2024BE066300C8ECF8 /* Project object */;
}
